
Microsoft Visual Studio Solution File, Format Version 12.00
# Visual Studio Version 17
VisualStudioVersion = 17.0.31815.197
MinimumVisualStudioVersion = 10.0.40219.1
Project("{9A19103F-16F7-4668-BE54-9A1E7A4F7556}") = "ComicBin.WebApi", "ComicBin.Web\ComicBin.WebApi.csproj", "{A3178D79-781B-4379-9B31-F61A4DA58F1F}"
EndProject
Project("{9A19103F-16F7-4668-BE54-9A1E7A4F7556}") = "ComicBin.Surface", "ComicBin.Surface\ComicBin.Surface.csproj", "{66D0D13C-ECD8-42CE-B05A-526F1023A6AB}"
EndProject
Project("{9A19103F-16F7-4668-BE54-9A1E7A4F7556}") = "ComicBin.Service", "ComicBin.Service\ComicBin.Service.csproj", "{567BD783-F808-438F-BCFA-FACDEA213A8F}"
EndProject
Project("{FAE04EC0-301F-11D3-BF4B-00C04F79EFBC}") = "ComicBin.Wpf", "ComicBin.Wpf\ComicBin.Wpf.csproj", "{5BB0B96D-8CAB-44F6-AF1F-363052917B9E}"
EndProject
Project("{FAE04EC0-301F-11D3-BF4B-00C04F79EFBC}") = "ComicBin.Client", "ComicBin.Client\ComicBin.Client.csproj", "{797032D0-69AE-45B4-A9FF-0E8AFC5B9FF5}"
EndProject
Project("{FAE04EC0-301F-11D3-BF4B-00C04F79EFBC}") = "ComicBin.Client.Ui", "ComicBin.Client.Ui\ComicBin.Client.Ui.csproj", "{63E38F0B-C396-46D2-8994-98573E266678}"
EndProject
Global
	GlobalSection(SolutionConfigurationPlatforms) = preSolution
		Debug|Any CPU = Debug|Any CPU
		Release|Any CPU = Release|Any CPU
	EndGlobalSection
	GlobalSection(ProjectConfigurationPlatforms) = postSolution
		{A3178D79-781B-4379-9B31-F61A4DA58F1F}.Debug|Any CPU.ActiveCfg = Debug|Any CPU
		{A3178D79-781B-4379-9B31-F61A4DA58F1F}.Debug|Any CPU.Build.0 = Debug|Any CPU
		{A3178D79-781B-4379-9B31-F61A4DA58F1F}.Release|Any CPU.ActiveCfg = Release|Any CPU
		{A3178D79-781B-4379-9B31-F61A4DA58F1F}.Release|Any CPU.Build.0 = Release|Any CPU
		{66D0D13C-ECD8-42CE-B05A-526F1023A6AB}.Debug|Any CPU.ActiveCfg = Debug|Any CPU
		{66D0D13C-ECD8-42CE-B05A-526F1023A6AB}.Debug|Any CPU.Build.0 = Debug|Any CPU
		{66D0D13C-ECD8-42CE-B05A-526F1023A6AB}.Release|Any CPU.ActiveCfg = Release|Any CPU
		{66D0D13C-ECD8-42CE-B05A-526F1023A6AB}.Release|Any CPU.Build.0 = Release|Any CPU
		{567BD783-F808-438F-BCFA-FACDEA213A8F}.Debug|Any CPU.ActiveCfg = Debug|Any CPU
		{567BD783-F808-438F-BCFA-FACDEA213A8F}.Debug|Any CPU.Build.0 = Debug|Any CPU
		{567BD783-F808-438F-BCFA-FACDEA213A8F}.Release|Any CPU.ActiveCfg = Release|Any CPU
		{567BD783-F808-438F-BCFA-FACDEA213A8F}.Release|Any CPU.Build.0 = Release|Any CPU
		{5BB0B96D-8CAB-44F6-AF1F-363052917B9E}.Debug|Any CPU.ActiveCfg = Debug|Any CPU
		{5BB0B96D-8CAB-44F6-AF1F-363052917B9E}.Debug|Any CPU.Build.0 = Debug|Any CPU
		{5BB0B96D-8CAB-44F6-AF1F-363052917B9E}.Release|Any CPU.ActiveCfg = Release|Any CPU
		{5BB0B96D-8CAB-44F6-AF1F-363052917B9E}.Release|Any CPU.Build.0 = Release|Any CPU
		{797032D0-69AE-45B4-A9FF-0E8AFC5B9FF5}.Debug|Any CPU.ActiveCfg = Debug|Any CPU
		{797032D0-69AE-45B4-A9FF-0E8AFC5B9FF5}.Debug|Any CPU.Build.0 = Debug|Any CPU
		{797032D0-69AE-45B4-A9FF-0E8AFC5B9FF5}.Release|Any CPU.ActiveCfg = Release|Any CPU
		{797032D0-69AE-45B4-A9FF-0E8AFC5B9FF5}.Release|Any CPU.Build.0 = Release|Any CPU
		{63E38F0B-C396-46D2-8994-98573E266678}.Debug|Any CPU.ActiveCfg = Debug|Any CPU
		{63E38F0B-C396-46D2-8994-98573E266678}.Debug|Any CPU.Build.0 = Debug|Any CPU
		{63E38F0B-C396-46D2-8994-98573E266678}.Release|Any CPU.ActiveCfg = Release|Any CPU
		{63E38F0B-C396-46D2-8994-98573E266678}.Release|Any CPU.Build.0 = Release|Any CPU
	EndGlobalSection
	GlobalSection(SolutionProperties) = preSolution
		HideSolutionNode = FALSE
	EndGlobalSection
	GlobalSection(ExtensibilityGlobals) = postSolution
		SolutionGuid = {0E43ADDE-CF16-400C-BDF3-A75456C7FB30}
	EndGlobalSection
EndGlobal
